
Microsoft Visual Studio Solution File, Format Version 12.00
# Visual Studio Version 17
VisualStudioVersion = 17.8.34525.116
MinimumVisualStudioVersion = 10.0.40219.1
Project("{9A19103F-16F7-4668-BE54-9A1E7A4F7556}") = "TravelCoreProject", "TravelCoreProject\TravelCoreProject.csproj", "{B5C597C4-100F-4771-AE19-B84E880CA87D}"
EndProject
Project("{9A19103F-16F7-4668-BE54-9A1E7A4F7556}") = "EntityLayer", "EntityLayer\EntityLayer.csproj", "{39F18634-CBBD-4BA0-AA3E-BB5A9CBB841A}"
EndProject
Project("{9A19103F-16F7-4668-BE54-9A1E7A4F7556}") = "BusinessLayer", "BusinessLayer\BusinessLayer.csproj", "{D4F34C73-440C-43F0-9F40-800DBFC94F27}"
EndProject
Project("{9A19103F-16F7-4668-BE54-9A1E7A4F7556}") = "DataAccessLayer", "DataAccessLayer\DataAccessLayer.csproj", "{8CE33894-4C91-40EB-A617-7FD1751C58F7}"
EndProject
Project("{9A19103F-16F7-4668-BE54-9A1E7A4F7556}") = "DTOLayer", "DTOLayer\DTOLayer.csproj", "{27899A22-47B7-4E6C-9389-C9D7F7213D58}"
EndProject
Global
	GlobalSection(SolutionConfigurationPlatforms) = preSolution
		Debug|Any CPU = Debug|Any CPU
		Release|Any CPU = Release|Any CPU
	EndGlobalSection
	GlobalSection(ProjectConfigurationPlatforms) = postSolution
		{B5C597C4-100F-4771-AE19-B84E880CA87D}.Debug|Any CPU.ActiveCfg = Debug|Any CPU
		{B5C597C4-100F-4771-AE19-B84E880CA87D}.Debug|Any CPU.Build.0 = Debug|Any CPU
		{B5C597C4-100F-4771-AE19-B84E880CA87D}.Release|Any CPU.ActiveCfg = Release|Any CPU
		{B5C597C4-100F-4771-AE19-B84E880CA87D}.Release|Any CPU.Build.0 = Release|Any CPU
		{39F18634-CBBD-4BA0-AA3E-BB5A9CBB841A}.Debug|Any CPU.ActiveCfg = Debug|Any CPU
		{39F18634-CBBD-4BA0-AA3E-BB5A9CBB841A}.Debug|Any CPU.Build.0 = Debug|Any CPU
		{39F18634-CBBD-4BA0-AA3E-BB5A9CBB841A}.Release|Any CPU.ActiveCfg = Release|Any CPU
		{39F18634-CBBD-4BA0-AA3E-BB5A9CBB841A}.Release|Any CPU.Build.0 = Release|Any CPU
		{D4F34C73-440C-43F0-9F40-800DBFC94F27}.Debug|Any CPU.ActiveCfg = Debug|Any CPU
		{D4F34C73-440C-43F0-9F40-800DBFC94F27}.Debug|Any CPU.Build.0 = Debug|Any CPU
		{D4F34C73-440C-43F0-9F40-800DBFC94F27}.Release|Any CPU.ActiveCfg = Release|Any CPU
		{D4F34C73-440C-43F0-9F40-800DBFC94F27}.Release|Any CPU.Build.0 = Release|Any CPU
		{8CE33894-4C91-40EB-A617-7FD1751C58F7}.Debug|Any CPU.ActiveCfg = Debug|Any CPU
		{8CE33894-4C91-40EB-A617-7FD1751C58F7}.Debug|Any CPU.Build.0 = Debug|Any CPU
		{8CE33894-4C91-40EB-A617-7FD1751C58F7}.Release|Any CPU.ActiveCfg = Release|Any CPU
		{8CE33894-4C91-40EB-A617-7FD1751C58F7}.Release|Any CPU.Build.0 = Release|Any CPU
		{27899A22-47B7-4E6C-9389-C9D7F7213D58}.Debug|Any CPU.ActiveCfg = Debug|Any CPU
		{27899A22-47B7-4E6C-9389-C9D7F7213D58}.Debug|Any CPU.Build.0 = Debug|Any CPU
		{27899A22-47B7-4E6C-9389-C9D7F7213D58}.Release|Any CPU.ActiveCfg = Release|Any CPU
		{27899A22-47B7-4E6C-9389-C9D7F7213D58}.Release|Any CPU.Build.0 = Release|Any CPU
	EndGlobalSection
	GlobalSection(SolutionProperties) = preSolution
		HideSolutionNode = FALSE
	EndGlobalSection
	GlobalSection(ExtensibilityGlobals) = postSolution
		SolutionGuid = {C90E5C3E-D787-493E-8ADD-C332C78DEF26}
	EndGlobalSection
EndGlobal
