
Microsoft Visual Studio Solution File, Format Version 12.00
# Visual Studio Version 17
VisualStudioVersion = 17.8.34525.116
MinimumVisualStudioVersion = 10.0.40219.1
Project("{FAE04EC0-301F-11D3-BF4B-00C04F79EFBC}") = "TravelsalCoreAPI", "TravelsalCoreAPI\TravelsalCoreAPI.csproj", "{D586901A-727F-4329-AE3F-4852F35AC366}"
EndProject
Global
	GlobalSection(SolutionConfigurationPlatforms) = preSolution
		Debug|Any CPU = Debug|Any CPU
		Release|Any CPU = Release|Any CPU
	EndGlobalSection
	GlobalSection(ProjectConfigurationPlatforms) = postSolution
		{D586901A-727F-4329-AE3F-4852F35AC366}.Debug|Any CPU.ActiveCfg = Debug|Any CPU
		{D586901A-727F-4329-AE3F-4852F35AC366}.Debug|Any CPU.Build.0 = Debug|Any CPU
		{D586901A-727F-4329-AE3F-4852F35AC366}.Release|Any CPU.ActiveCfg = Release|Any CPU
		{D586901A-727F-4329-AE3F-4852F35AC366}.Release|Any CPU.Build.0 = Release|Any CPU
	EndGlobalSection
	GlobalSection(SolutionProperties) = preSolution
		HideSolutionNode = FALSE
	EndGlobalSection
	GlobalSection(ExtensibilityGlobals) = postSolution
		SolutionGuid = {7865090E-DC39-42F6-9C27-9CCAF023BAAB}
	EndGlobalSection
EndGlobal
